
Microsoft Visual Studio Solution File, Format Version 12.00
# Visual Studio Version 16
VisualStudioVersion = 25.0.1705.2
MinimumVisualStudioVersion = 10.0.40219.1
Project("{FAE04EC0-301F-11D3-BF4B-00C04F79EFBC}") = "HassadFood.Droid", "HassadFood.Droid.csproj", "{30AD297A-1668-46B0-BFFC-F70FF6F5E112}"
EndProject
Global
	GlobalSection(SolutionConfigurationPlatforms) = preSolution
		Debug|Any CPU = Debug|Any CPU
		Release|Any CPU = Release|Any CPU
	EndGlobalSection
	GlobalSection(ProjectConfigurationPlatforms) = postSolution
		{30AD297A-1668-46B0-BFFC-F70FF6F5E112}.Debug|Any CPU.ActiveCfg = Debug|Any CPU
		{30AD297A-1668-46B0-BFFC-F70FF6F5E112}.Debug|Any CPU.Build.0 = Debug|Any CPU
		{30AD297A-1668-46B0-BFFC-F70FF6F5E112}.Release|Any CPU.ActiveCfg = Release|Any CPU
		{30AD297A-1668-46B0-BFFC-F70FF6F5E112}.Release|Any CPU.Build.0 = Release|Any CPU
	EndGlobalSection
	GlobalSection(SolutionProperties) = preSolution
		HideSolutionNode = FALSE
	EndGlobalSection
	GlobalSection(ExtensibilityGlobals) = postSolution
		SolutionGuid = {4CA4EE39-FF37-4F15-BEF5-D92EC922B9E5}
	EndGlobalSection
EndGlobal
